
Microsoft Visual Studio Solution File, Format Version 12.00
# Visual Studio Version 17
VisualStudioVersion = 17.10.35004.147
MinimumVisualStudioVersion = 10.0.40219.1
Project("{FAE04EC0-301F-11D3-BF4B-00C04F79EFBC}") = "Vehicle-Rental-System", "Vehicle-Rental-System.csproj", "{1010B256-5779-4CC0-8376-69638FA03715}"
EndProject
Global
	GlobalSection(SolutionConfigurationPlatforms) = preSolution
		Debug|Any CPU = Debug|Any CPU
		Release|Any CPU = Release|Any CPU
	EndGlobalSection
	GlobalSection(ProjectConfigurationPlatforms) = postSolution
		{1010B256-5779-4CC0-8376-69638FA03715}.Debug|Any CPU.ActiveCfg = Debug|Any CPU
		{1010B256-5779-4CC0-8376-69638FA03715}.Debug|Any CPU.Build.0 = Debug|Any CPU
		{1010B256-5779-4CC0-8376-69638FA03715}.Release|Any CPU.ActiveCfg = Release|Any CPU
		{1010B256-5779-4CC0-8376-69638FA03715}.Release|Any CPU.Build.0 = Release|Any CPU
	EndGlobalSection
	GlobalSection(SolutionProperties) = preSolution
		HideSolutionNode = FALSE
	EndGlobalSection
	GlobalSection(ExtensibilityGlobals) = postSolution
		SolutionGuid = {1F3BFFB2-6CC4-4765-A8B5-FBF84E3384E0}
	EndGlobalSection
EndGlobal
